
Microsoft Visual Studio Solution File, Format Version 12.00
# Visual Studio Version 16
VisualStudioVersion = 16.0.31313.79
MinimumVisualStudioVersion = 10.0.40219.1
Project("{FAE04EC0-301F-11D3-BF4B-00C04F79EFBC}") = "BinaryTrees", "BinaryTrees\BinaryTrees.csproj", "{D21750F6-DDDF-4BE2-828E-F913A42C5DD6}"
EndProject
Global
	GlobalSection(SolutionConfigurationPlatforms) = preSolution
		Debug|Any CPU = Debug|Any CPU
		Release|Any CPU = Release|Any CPU
	EndGlobalSection
	GlobalSection(ProjectConfigurationPlatforms) = postSolution
		{D21750F6-DDDF-4BE2-828E-F913A42C5DD6}.Debug|Any CPU.ActiveCfg = Debug|Any CPU
		{D21750F6-DDDF-4BE2-828E-F913A42C5DD6}.Debug|Any CPU.Build.0 = Debug|Any CPU
		{D21750F6-DDDF-4BE2-828E-F913A42C5DD6}.Release|Any CPU.ActiveCfg = Release|Any CPU
		{D21750F6-DDDF-4BE2-828E-F913A42C5DD6}.Release|Any CPU.Build.0 = Release|Any CPU
	EndGlobalSection
	GlobalSection(SolutionProperties) = preSolution
		HideSolutionNode = FALSE
	EndGlobalSection
	GlobalSection(ExtensibilityGlobals) = postSolution
		SolutionGuid = {4B534C80-BCAC-477B-AEBE-833D8AF9B1CC}
	EndGlobalSection
EndGlobal
