
Microsoft Visual Studio Solution File, Format Version 12.00
# Visual Studio Version 16
VisualStudioVersion = 16.0.31313.79
MinimumVisualStudioVersion = 10.0.40219.1
Project("{FAE04EC0-301F-11D3-BF4B-00C04F79EFBC}") = "LinkedLists", "LinkedLists\LinkedLists.csproj", "{FD02FB28-5C96-49A0-A986-64016DAB6F31}"
EndProject
Global
	GlobalSection(SolutionConfigurationPlatforms) = preSolution
		Debug|Any CPU = Debug|Any CPU
		Release|Any CPU = Release|Any CPU
	EndGlobalSection
	GlobalSection(ProjectConfigurationPlatforms) = postSolution
		{FD02FB28-5C96-49A0-A986-64016DAB6F31}.Debug|Any CPU.ActiveCfg = Debug|Any CPU
		{FD02FB28-5C96-49A0-A986-64016DAB6F31}.Debug|Any CPU.Build.0 = Debug|Any CPU
		{FD02FB28-5C96-49A0-A986-64016DAB6F31}.Release|Any CPU.ActiveCfg = Release|Any CPU
		{FD02FB28-5C96-49A0-A986-64016DAB6F31}.Release|Any CPU.Build.0 = Release|Any CPU
	EndGlobalSection
	GlobalSection(SolutionProperties) = preSolution
		HideSolutionNode = FALSE
	EndGlobalSection
	GlobalSection(ExtensibilityGlobals) = postSolution
		SolutionGuid = {B316AA73-4AC6-4CD7-BD71-94C0B229E871}
	EndGlobalSection
EndGlobal
