
Microsoft Visual Studio Solution File, Format Version 12.00
# Visual Studio Version 16
VisualStudioVersion = 16.0.31313.79
MinimumVisualStudioVersion = 10.0.40219.1
Project("{FAE04EC0-301F-11D3-BF4B-00C04F79EFBC}") = "Graphs", "Graphs\Graphs.csproj", "{FE2ADA10-B9C0-486E-A646-661A768F7695}"
EndProject
Global
	GlobalSection(SolutionConfigurationPlatforms) = preSolution
		Debug|Any CPU = Debug|Any CPU
		Release|Any CPU = Release|Any CPU
	EndGlobalSection
	GlobalSection(ProjectConfigurationPlatforms) = postSolution
		{FE2ADA10-B9C0-486E-A646-661A768F7695}.Debug|Any CPU.ActiveCfg = Debug|Any CPU
		{FE2ADA10-B9C0-486E-A646-661A768F7695}.Debug|Any CPU.Build.0 = Debug|Any CPU
		{FE2ADA10-B9C0-486E-A646-661A768F7695}.Release|Any CPU.ActiveCfg = Release|Any CPU
		{FE2ADA10-B9C0-486E-A646-661A768F7695}.Release|Any CPU.Build.0 = Release|Any CPU
	EndGlobalSection
	GlobalSection(SolutionProperties) = preSolution
		HideSolutionNode = FALSE
	EndGlobalSection
	GlobalSection(ExtensibilityGlobals) = postSolution
		SolutionGuid = {35E51BC3-F8D6-4296-97F3-99BBD9A34C9C}
	EndGlobalSection
EndGlobal
